
Microsoft Visual Studio Solution File, Format Version 12.00
# Visual Studio Version 17
VisualStudioVersion = 17.14.36915.13 d17.14
MinimumVisualStudioVersion = 10.0.40219.1
Project("{FAE04EC0-301F-11D3-BF4B-00C04F79EFBC}") = "TiendaOnlineAPI", "TiendaOnlineAPI\TiendaOnlineAPI.csproj", "{A44ADAF5-6FEA-49E6-91F5-A027EF0FCA47}"
EndProject
Global
	GlobalSection(SolutionConfigurationPlatforms) = preSolution
		Debug|Any CPU = Debug|Any CPU
		Release|Any CPU = Release|Any CPU
	EndGlobalSection
	GlobalSection(ProjectConfigurationPlatforms) = postSolution
		{A44ADAF5-6FEA-49E6-91F5-A027EF0FCA47}.Debug|Any CPU.ActiveCfg = Debug|Any CPU
		{A44ADAF5-6FEA-49E6-91F5-A027EF0FCA47}.Debug|Any CPU.Build.0 = Debug|Any CPU
		{A44ADAF5-6FEA-49E6-91F5-A027EF0FCA47}.Release|Any CPU.ActiveCfg = Release|Any CPU
		{A44ADAF5-6FEA-49E6-91F5-A027EF0FCA47}.Release|Any CPU.Build.0 = Release|Any CPU
	EndGlobalSection
	GlobalSection(SolutionProperties) = preSolution
		HideSolutionNode = FALSE
	EndGlobalSection
	GlobalSection(ExtensibilityGlobals) = postSolution
		SolutionGuid = {11F9283F-3B4E-427F-86EA-0F086723D4AD}
	EndGlobalSection
EndGlobal
